
Microsoft Visual Studio Solution File, Format Version 12.00
# Visual Studio 2013
VisualStudioVersion = 12.0.31101.0
MinimumVisualStudioVersion = 10.0.40219.1
Project("{FAE04EC0-301F-11D3-BF4B-00C04F79EFBC}") = "LAT.WorkflowUtilities.DateTimes", "LAT.WorkflowUtilities.DateTimes\LAT.WorkflowUtilities.DateTimes.csproj", "{53F42D96-159D-43E9-98F8-D77455E99471}"
EndProject
Project("{FAE04EC0-301F-11D3-BF4B-00C04F79EFBC}") = "LAT.WorkflowUtilities.DateTimes.Tests", "LAT.WorkflowUtilities.DateTimes.Tests\LAT.WorkflowUtilities.DateTimes.Tests.csproj", "{CF61425C-8BDE-49EC-B25D-5AD707E0EF5D}"
EndProject
Global
	GlobalSection(SolutionConfigurationPlatforms) = preSolution
		Debug|Any CPU = Debug|Any CPU
		Release|Any CPU = Release|Any CPU
	EndGlobalSection
	GlobalSection(ProjectConfigurationPlatforms) = postSolution
		{53F42D96-159D-43E9-98F8-D77455E99471}.Debug|Any CPU.ActiveCfg = Debug|Any CPU
		{53F42D96-159D-43E9-98F8-D77455E99471}.Debug|Any CPU.Build.0 = Debug|Any CPU
		{53F42D96-159D-43E9-98F8-D77455E99471}.Release|Any CPU.ActiveCfg = Release|Any CPU
		{53F42D96-159D-43E9-98F8-D77455E99471}.Release|Any CPU.Build.0 = Release|Any CPU
		{CF61425C-8BDE-49EC-B25D-5AD707E0EF5D}.Debug|Any CPU.ActiveCfg = Debug|Any CPU
		{CF61425C-8BDE-49EC-B25D-5AD707E0EF5D}.Debug|Any CPU.Build.0 = Debug|Any CPU
		{CF61425C-8BDE-49EC-B25D-5AD707E0EF5D}.Release|Any CPU.ActiveCfg = Release|Any CPU
		{CF61425C-8BDE-49EC-B25D-5AD707E0EF5D}.Release|Any CPU.Build.0 = Release|Any CPU
	EndGlobalSection
	GlobalSection(SolutionProperties) = preSolution
		HideSolutionNode = FALSE
	EndGlobalSection
EndGlobal
